%{"distillery": {:git, "https://github.com/bitwalker/distillery.git", "2da65d21c614a047c860031e7ece61ee28de1259", []},
  "html5ever": {:hex, :html5ever, "0.2.0", "e215291305c732cfaf0da170b84006e7689c7017b37f7586808b31fb32695434", [:mix], [{:rustler, "~> 0.8", [hex: :rustler, optional: false]}]},
  "rustler": {:hex, :rustler, "0.8.0", "337e2b39c80dafb4a5d65d7791a9a97b3d566941bdb5c718d33488025e0299b0", [:mix], []}}
